
Microsoft Visual Studio Solution File, Format Version 12.00
# Visual Studio 2015
Project("{FAE04EC0-301F-11D3-BF4B-00C04F79EFBC}") = "Words.CSharp.Plugins", "Words.CSharp.Plugins.csproj", "{7080319B-8E04-F916-6A4B-9C8A256367D8}"
EndProject
Project("{FAE04EC0-301F-11D3-BF4B-00C04F79EFBC}") = "Words.CSharp", "Words.CSharp.csproj", "{180B6A36-9B62-F826-5059-D9EC45C04EDA}"
EndProject
Project("{FAE04EC0-301F-11D3-BF4B-00C04F79EFBC}") = "Words.CSharp.Editor", "Words.CSharp.Editor.csproj", "{693A8C61-6A7A-8622-8F43-ED641DDE62BA}"
EndProject
Global
	GlobalSection(SolutionConfigurationPlatforms) = preSolution
		Debug|Any CPU = Debug|Any CPU
		Release|Any CPU = Release|Any CPU
	EndGlobalSection
	GlobalSection(ProjectConfigurationPlatforms) = postSolution
		{7080319B-8E04-F916-6A4B-9C8A256367D8}.Debug|Any CPU.ActiveCfg = Debug|Any CPU
		{7080319B-8E04-F916-6A4B-9C8A256367D8}.Debug|Any CPU.Build.0 = Debug|Any CPU
		{7080319B-8E04-F916-6A4B-9C8A256367D8}.Release|Any CPU.ActiveCfg = Release|Any CPU
		{7080319B-8E04-F916-6A4B-9C8A256367D8}.Release|Any CPU.Build.0 = Release|Any CPU
		{180B6A36-9B62-F826-5059-D9EC45C04EDA}.Debug|Any CPU.ActiveCfg = Debug|Any CPU
		{180B6A36-9B62-F826-5059-D9EC45C04EDA}.Debug|Any CPU.Build.0 = Debug|Any CPU
		{180B6A36-9B62-F826-5059-D9EC45C04EDA}.Release|Any CPU.ActiveCfg = Release|Any CPU
		{180B6A36-9B62-F826-5059-D9EC45C04EDA}.Release|Any CPU.Build.0 = Release|Any CPU
		{693A8C61-6A7A-8622-8F43-ED641DDE62BA}.Debug|Any CPU.ActiveCfg = Debug|Any CPU
		{693A8C61-6A7A-8622-8F43-ED641DDE62BA}.Debug|Any CPU.Build.0 = Debug|Any CPU
		{693A8C61-6A7A-8622-8F43-ED641DDE62BA}.Release|Any CPU.ActiveCfg = Release|Any CPU
		{693A8C61-6A7A-8622-8F43-ED641DDE62BA}.Release|Any CPU.Build.0 = Release|Any CPU
	EndGlobalSection
	GlobalSection(SolutionProperties) = preSolution
		HideSolutionNode = FALSE
	EndGlobalSection
EndGlobal
